// !$*UTF8*$!
{
	archiveVersion = 1;
	classes = {
	};
	objectVersion = 52;
	objects = {

/* Begin PBXBuildFile section */
		524E707826BFFF8700C89DDD /* EyeTracker in Frameworks */ = {isa = PBXBuildFile; productRef = 524E707726BFFF8700C89DDD /* EyeTracker */; };
		52D1944426BFFE430052B3CD /* EyeTrackerDemoApp.swift in Sources */ = {isa = PBXBuildFile; fileRef = 52D1944326BFFE430052B3CD /* EyeTrackerDemoApp.swift */; };
		52D1944626BFFE430052B3CD /* ContentView.swift in Sources */ = {isa = PBXBuildFile; fileRef = 52D1944526BFFE430052B3CD /* ContentView.swift */; };
		52D1944826BFFE440052B3CD /* Assets.xcassets in Resources */ = {isa = PBXBuildFile; fileRef = 52D1944726BFFE440052B3CD /* Assets.xcassets */; };
		52D1944B26BFFE440052B3CD /* Preview Assets.xcassets in Resources */ = {isa = PBXBuildFile; fileRef = 52D1944A26BFFE440052B3CD /* Preview Assets.xcassets */; };
/* End PBXBuildFile section */

/* Begin PBXFileReference section */
		524E707526BFFF5700C89DDD /* EyeTracker */ = {isa = PBXFileReference; lastKnownFileType = folder; name = EyeTracker; path = ../EyeTracker; sourceTree = "<group>"; };
		52D1944026BFFE430052B3CD /* EyeTrackerDemo.app */ = {isa = PBXFileReference; explicitFileType = wrapper.application; includeInIndex = 0; path = EyeTrackerDemo.app; sourceTree = BUILT_PRODUCTS_DIR; };
		52D1944326BFFE430052B3CD /* EyeTrackerDemoApp.swift */ = {isa = PBXFileReference; lastKnownFileType = sourcecode.swift; path = EyeTrackerDemoApp.swift; sourceTree = "<group>"; };
		52D1944526BFFE430052B3CD /* ContentView.swift */ = {isa = PBXFileReference; lastKnownFileType = sourcecode.swift; path = ContentView.swift; sourceTree = "<group>"; };
		52D1944726BFFE440052B3CD /* Assets.xcassets */ = {isa = PBXFileReference; lastKnownFileType = folder.assetcatalog; path = Assets.xcassets; sourceTree = "<group>"; };
		52D1944A26BFFE440052B3CD /* Preview Assets.xcassets */ = {isa = PBXFileReference; lastKnownFileType = folder.assetcatalog; path = "Preview Assets.xcassets"; sourceTree = "<group>"; };
		52D1944C26BFFE440052B3CD /* Info.plist */ = {isa = PBXFileReference; lastKnownFileType = text.plist.xml; path = Info.plist; sourceTree = "<group>"; };
/* End PBXFileReference section */

/* Begin PBXFrameworksBuildPhase section */
		52D1943D26BFFE430052B3CD /* Frameworks */ = {
			isa = PBXFrameworksBuildPhase;
			buildActionMask = 2147483647;
			files = (
				524E707826BFFF8700C89DDD /* EyeTracker in Frameworks */,
			);
			runOnlyForDeploymentPostprocessing = 0;
		};
/* End PBXFrameworksBuildPhase section */

/* Begin PBXGroup section */
		524E707626BFFF8700C89DDD /* Frameworks */ = {
			isa = PBXGroup;
			children = (
			);
			name = Frameworks;
			sourceTree = "<group>";
		};
		52D1943726BFFE430052B3CD = {
			isa = PBXGroup;
			children = (
				524E707526BFFF5700C89DDD /* EyeTracker */,
				52D1944226BFFE430052B3CD /* EyeTrackerDemo */,
				52D1944126BFFE430052B3CD /* Products */,
				524E707626BFFF8700C89DDD /* Frameworks */,
			);
			sourceTree = "<group>";
		};
		52D1944126BFFE430052B3CD /* Products */ = {
			isa = PBXGroup;
			children = (
				52D1944026BFFE430052B3CD /* EyeTrackerDemo.app */,
			);
			name = Products;
			sourceTree = "<group>";
		};
		52D1944226BFFE430052B3CD /* EyeTrackerDemo */ = {
			isa = PBXGroup;
			children = (
				52D1944326BFFE430052B3CD /* EyeTrackerDemoApp.swift */,
				52D1944526BFFE430052B3CD /* ContentView.swift */,
				52D1944726BFFE440052B3CD /* Assets.xcassets */,
				52D1944C26BFFE440052B3CD /* Info.plist */,
				52D1944926BFFE440052B3CD /* Preview Content */,
			);
			path = EyeTrackerDemo;
			sourceTree = "<group>";
		};
		52D1944926BFFE440052B3CD /* Preview Content */ = {
			isa = PBXGroup;
			children = (
				52D1944A26BFFE440052B3CD /* Preview Assets.xcassets */,
			);
			path = "Preview Content";
			sourceTree = "<group>";
		};
/* End PBXGroup section */

/* Begin PBXNativeTarget section */
		52D1943F26BFFE430052B3CD /* EyeTrackerDemo */ = {
			isa = PBXNativeTarget;
			buildConfigurationList = 52D1944F26BFFE440052B3CD /* Build configuration list for PBXNativeTarget "EyeTrackerDemo" */;
			buildPhases = (
				52D1943C26BFFE430052B3CD /* Sources */,
				52D1943D26BFFE430052B3CD /* Frameworks */,
				52D1943E26BFFE430052B3CD /* Resources */,
			);
			buildRules = (
			);
			dependencies = (
			);
			name = EyeTrackerDemo;
			packageProductDependencies = (
				524E707726BFFF8700C89DDD /* EyeTracker */,
			);
			productName = EyeTrackerDemo;
			productReference = 52D1944026BFFE430052B3CD /* EyeTrackerDemo.app */;
			productType = "com.apple.product-type.application";
		};
/* End PBXNativeTarget section */

/* Begin PBXProject section */
		52D1943826BFFE430052B3CD /* Project object */ = {
			isa = PBXProject;
			attributes = {
				LastSwiftUpdateCheck = 1250;
				LastUpgradeCheck = 1250;
				TargetAttributes = {
					52D1943F26BFFE430052B3CD = {
						CreatedOnToolsVersion = 12.5.1;
					};
				};
			};
			buildConfigurationList = 52D1943B26BFFE430052B3CD /* Build configuration list for PBXProject "EyeTrackerDemo" */;
			compatibilityVersion = "Xcode 9.3";
			developmentRegion = en;
			hasScannedForEncodings = 0;
			knownRegions = (
				en,
				Base,
			);
			mainGroup = 52D1943726BFFE430052B3CD;
			productRefGroup = 52D1944126BFFE430052B3CD /* Products */;
			projectDirPath = "";
			projectRoot = "";
			targets = (
				52D1943F26BFFE430052B3CD /* EyeTrackerDemo */,
			);
		};
/* End PBXProject section */

/* Begin PBXResourcesBuildPhase section */
		52D1943E26BFFE430052B3CD /* Resources */ = {
			isa = PBXResourcesBuildPhase;
			buildActionMask = 2147483647;
			files = (
				52D1944B26BFFE440052B3CD /* Preview Assets.xcassets in Resources */,
				52D1944826BFFE440052B3CD /* Assets.xcassets in Resources */,
			);
			runOnlyForDeploymentPostprocessing = 0;
		};
/* End PBXResourcesBuildPhase section */

/* Begin PBXSourcesBuildPhase section */
		52D1943C26BFFE430052B3CD /* Sources */ = {
			isa = PBXSourcesBuildPhase;
			buildActionMask = 2147483647;
			files = (
				52D1944626BFFE430052B3CD /* ContentView.swift in Sources */,
				52D1944426BFFE430052B3CD /* EyeTrackerDemoApp.swift in Sources */,
			);
			runOnlyForDeploymentPostprocessing = 0;
		};
/* End PBXSourcesBuildPhase section */

/* Begin XCBuildConfiguration section */
		52D1944D26BFFE440052B3CD /* Debug */ = {
			isa = XCBuildConfiguration;
			buildSettings = {
				ALWAYS_SEARCH_USER_PATHS = NO;
				CLANG_ANALYZER_NONNULL = YES;
				CLANG_ANALYZER_NUMBER_OBJECT_CONVERSION = YES_AGGRESSIVE;
				CLANG_CXX_LANGUAGE_STANDARD = "gnu++14";
				CLANG_CXX_LIBRARY = "libc++";
				CLANG_ENABLE_MODULES = YES;
				CLANG_ENABLE_OBJC_ARC = YES;
				CLANG_ENABLE_OBJC_WEAK = YES;
				CLANG_WARN_BLOCK_CAPTURE_AUTORELEASING = YES;
				CLANG_WARN_BOOL_CONVERSION = YES;
				CLANG_WARN_COMMA = YES;
				CLANG_WARN_CONSTANT_CONVERSION = YES;
				CLANG_WARN_DEPRECATED_OBJC_IMPLEMENTATIONS = YES;
				CLANG_WARN_DIRECT_OBJC_ISA_USAGE = YES_ERROR;
				CLANG_WARN_DOCUMENTATION_COMMENTS = YES;
				CLANG_WARN_EMPTY_BODY = YES;
				CLANG_WARN_ENUM_CONVERSION = YES;
				CLANG_WARN_INFINITE_RECURSION = YES;
				CLANG_WARN_INT_CONVERSION = YES;
				CLANG_WARN_NON_LITERAL_NULL_CONVERSION = YES;
				CLANG_WARN_OBJC_IMPLICIT_RETAIN_SELF = YES;
				CLANG_WARN_OBJC_LITERAL_CONVERSION = YES;
				CLANG_WARN_OBJC_ROOT_CLASS = YES_ERROR;
				CLANG_WARN_QUOTED_INCLUDE_IN_FRAMEWORK_HEADER = YES;
				CLANG_WARN_RANGE_LOOP_ANALYSIS = YES;
				CLANG_WARN_STRICT_PROTOTYPES = YES;
				CLANG_WARN_SUSPICIOUS_MOVE = YES;
				CLANG_WARN_UNGUARDED_AVAILABILITY = YES_AGGRESSIVE;
				CLANG_WARN_UNREACHABLE_CODE = YES;
				CLANG_WARN__DUPLICATE_METHOD_MATCH = YES;
				COPY_PHASE_STRIP = NO;
				DEBUG_INFORMATION_FORMAT = dwarf;
				ENABLE_STRICT_OBJC_MSGSEND = YES;
				ENABLE_TESTABILITY = YES;
				GCC_C_LANGUAGE_STANDARD = gnu11;
				GCC_DYNAMIC_NO_PIC = NO;
				GCC_NO_COMMON_BLOCKS = YES;
				GCC_OPTIMIZATION_LEVEL = 0;
				GCC_PREPROCESSOR_DEFINITIONS = (
					"DEBUG=1",
					"$(inherited)",
				);
				GCC_WARN_64_TO_32_BIT_CONVERSION = YES;
				GCC_WARN_ABOUT_RETURN_TYPE = YES_ERROR;
				GCC_WARN_UNDECLARED_SELECTOR = YES;
				GCC_WARN_UNINITIALIZED_AUTOS = YES_AGGRESSIVE;
				GCC_WARN_UNUSED_FUNCTION = YES;
				GCC_WARN_UNUSED_VARIABLE = YES;
				IPHONEOS_DEPLOYMENT_TARGET = 14.5;
				MTL_ENABLE_DEBUG_INFO = INCLUDE_SOURCE;
				MTL_FAST_MATH = YES;
				ONLY_ACTIVE_ARCH = YES;
				SDKROOT = iphoneos;
				SWIFT_ACTIVE_COMPILATION_CONDITIONS = DEBUG;
				SWIFT_OPTIMIZATION_LEVEL = "-Onone";
			};
			name = Debug;
		};
		52D1944E26BFFE440052B3CD /* Release */ = {
			isa = XCBuildConfiguration;
			buildSettings = {
				ALWAYS_SEARCH_USER_PATHS = NO;
				CLANG_ANALYZER_NONNULL = YES;
				CLANG_ANALYZER_NUMBER_OBJECT_CONVERSION = YES_AGGRESSIVE;
				CLANG_CXX_LANGUAGE_STANDARD = "gnu++14";
				CLANG_CXX_LIBRARY = "libc++";
				CLANG_ENABLE_MODULES = YES;
				CLANG_ENABLE_OBJC_ARC = YES;
				CLANG_ENABLE_OBJC_WEAK = YES;
				CLANG_WARN_BLOCK_CAPTURE_AUTORELEASING = YES;
				CLANG_WARN_BOOL_CONVERSION = YES;
				CLANG_WARN_COMMA = YES;
				CLANG_WARN_CONSTANT_CONVERSION = YES;
				CLANG_WARN_DEPRECATED_OBJC_IMPLEMENTATIONS = YES;
				CLANG_WARN_DIRECT_OBJC_ISA_USAGE = YES_ERROR;
				CLANG_WARN_DOCUMENTATION_COMMENTS = YES;
				CLANG_WARN_EMPTY_BODY = YES;
				CLANG_WARN_ENUM_CONVERSION = YES;
				CLANG_WARN_INFINITE_RECURSION = YES;
				CLANG_WARN_INT_CONVERSION = YES;
				CLANG_WARN_NON_LITERAL_NULL_CONVERSION = YES;
				CLANG_WARN_OBJC_IMPLICIT_RETAIN_SELF = YES;
				CLANG_WARN_OBJC_LITERAL_CONVERSION = YES;
				CLANG_WARN_OBJC_ROOT_CLASS = YES_ERROR;
				CLANG_WARN_QUOTED_INCLUDE_IN_FRAMEWORK_HEADER = YES;
				CLANG_WARN_RANGE_LOOP_ANALYSIS = YES;
				CLANG_WARN_STRICT_PROTOTYPES = YES;
				CLANG_WARN_SUSPICIOUS_MOVE = YES;
				CLANG_WARN_UNGUARDED_AVAILABILITY = YES_AGGRESSIVE;
				CLANG_WARN_UNREACHABLE_CODE = YES;
				CLANG_WARN__DUPLICATE_METHOD_MATCH = YES;
				COPY_PHASE_STRIP = NO;
				DEBUG_INFORMATION_FORMAT = "dwarf-with-dsym";
				ENABLE_NS_ASSERTIONS = NO;
				ENABLE_STRICT_OBJC_MSGSEND = YES;
				GCC_C_LANGUAGE_STANDARD = gnu11;
				GCC_NO_COMMON_BLOCKS = YES;
				GCC_WARN_64_TO_32_BIT_CONVERSION = YES;
				GCC_WARN_ABOUT_RETURN_TYPE = YES_ERROR;
				GCC_WARN_UNDECLARED_SELECTOR = YES;
				GCC_WARN_UNINITIALIZED_AUTOS = YES_AGGRESSIVE;
				GCC_WARN_UNUSED_FUNCTION = YES;
				GCC_WARN_UNUSED_VARIABLE = YES;
				IPHONEOS_DEPLOYMENT_TARGET = 14.5;
				MTL_ENABLE_DEBUG_INFO = NO;
				MTL_FAST_MATH = YES;
				SDKROOT = iphoneos;
				SWIFT_COMPILATION_MODE = wholemodule;
				SWIFT_OPTIMIZATION_LEVEL = "-O";
				VALIDATE_PRODUCT = YES;
			};
			name = Release;
		};
		52D1945026BFFE440052B3CD /* Debug */ = {
			isa = XCBuildConfiguration;
			buildSettings = {
				ASSETCATALOG_COMPILER_APPICON_NAME = AppIcon;
				ASSETCATALOG_COMPILER_GLOBAL_ACCENT_COLOR_NAME = AccentColor;
				CODE_SIGN_STYLE = Automatic;
				DEVELOPMENT_ASSET_PATHS = "\"EyeTrackerDemo/Preview Content\"";
				DEVELOPMENT_TEAM = XF56Y9FBMX;
				ENABLE_PREVIEWS = YES;
				INFOPLIST_FILE = EyeTrackerDemo/Info.plist;
				IPHONEOS_DEPLOYMENT_TARGET = 14.0;
				LD_RUNPATH_SEARCH_PATHS = (
					"$(inherited)",
					"@executable_path/Frameworks",
				);
				PRODUCT_BUNDLE_IDENTIFIER = io.ravitripathi.github.EyeTrackerDemo;
				PRODUCT_NAME = "$(TARGET_NAME)";
				SWIFT_VERSION = 5.0;
				TARGETED_DEVICE_FAMILY = "1,2";
			};
			name = Debug;
		};
		52D1945126BFFE440052B3CD /* Release */ = {
			isa = XCBuildConfiguration;
			buildSettings = {
				ASSETCATALOG_COMPILER_APPICON_NAME = AppIcon;
				ASSETCATALOG_COMPILER_GLOBAL_ACCENT_COLOR_NAME = AccentColor;
				CODE_SIGN_STYLE = Automatic;
				DEVELOPMENT_ASSET_PATHS = "\"EyeTrackerDemo/Preview Content\"";
				DEVELOPMENT_TEAM = XF56Y9FBMX;
				ENABLE_PREVIEWS = YES;
				INFOPLIST_FILE = EyeTrackerDemo/Info.plist;
				IPHONEOS_DEPLOYMENT_TARGET = 14.0;
				LD_RUNPATH_SEARCH_PATHS = (
					"$(inherited)",
					"@executable_path/Frameworks",
				);
				PRODUCT_BUNDLE_IDENTIFIER = io.ravitripathi.github.EyeTrackerDemo;
				PRODUCT_NAME = "$(TARGET_NAME)";
				SWIFT_VERSION = 5.0;
				TARGETED_DEVICE_FAMILY = "1,2";
			};
			name = Release;
		};
/* End XCBuildConfiguration section */

/* Begin XCConfigurationList section */
		52D1943B26BFFE430052B3CD /* Build configuration list for PBXProject "EyeTrackerDemo" */ = {
			isa = XCConfigurationList;
			buildConfigurations = (
				52D1944D26BFFE440052B3CD /* Debug */,
				52D1944E26BFFE440052B3CD /* Release */,
			);
			defaultConfigurationIsVisible = 0;
			defaultConfigurationName = Release;
		};
		52D1944F26BFFE440052B3CD /* Build configuration list for PBXNativeTarget "EyeTrackerDemo" */ = {
			isa = XCConfigurationList;
			buildConfigurations = (
				52D1945026BFFE440052B3CD /* Debug */,
				52D1945126BFFE440052B3CD /* Release */,
			);
			defaultConfigurationIsVisible = 0;
			defaultConfigurationName = Release;
		};
/* End XCConfigurationList section */

/* Begin XCSwiftPackageProductDependency section */
		524E707726BFFF8700C89DDD /* EyeTracker */ = {
			isa = XCSwiftPackageProductDependency;
			productName = EyeTracker;
		};
/* End XCSwiftPackageProductDependency section */
	};
	rootObject = 52D1943826BFFE430052B3CD /* Project object */;
}
